PODS:
  - Alamofire (5.4.3)
  - SnapKit (5.0.1)

DEPENDENCIES:
  - Alamofire
  - SnapKit

SPEC REPOS:
  trunk:
    - Alamofire
    - SnapKit

SPEC CHECKSUMS:
  Alamofire: e447a2774a40c996748296fa2c55112fdbbc42f9
  SnapKit: 97b92857e3df3a0c71833cce143274bf6ef8e5eb

PODFILE CHECKSUM: 0e1cadfc3835725ca46c71e88e223bbe0acb8033

COCOAPODS: 1.10.2
