// !$*UTF8*$!
{
	archiveVersion = 1;
	classes = {
	};
	objectVersion = 51;
	objects = {

/* Begin PBXBuildFile section */
		3300DC876DBD859B7066F3FF /* Pods_VVV.framework in Frameworks */ = {isa = PBXBuildFile; fileRef = 90FB8D65615F0D75ADD47D40 /* Pods_VVV.framework */; };
		605B8ED226D6351300EDC8F3 /* AppDelegate.swift in Sources */ = {isa = PBXBuildFile; fileRef = 605B8ED126D6351300EDC8F3 /* AppDelegate.swift */; };
		605B8ED426D6351300EDC8F3 /* SceneDelegate.swift in Sources */ = {isa = PBXBuildFile; fileRef = 605B8ED326D6351300EDC8F3 /* SceneDelegate.swift */; };
		605B8ED626D6351300EDC8F3 /* ViewController.swift in Sources */ = {isa = PBXBuildFile; fileRef = 605B8ED526D6351300EDC8F3 /* ViewController.swift */; };
		605B8ED926D6351300EDC8F3 /* Main.storyboard in Resources */ = {isa = PBXBuildFile; fileRef = 605B8ED726D6351300EDC8F3 /* Main.storyboard */; };
		605B8EDB26D6351400EDC8F3 /* Assets.xcassets in Resources */ = {isa = PBXBuildFile; fileRef = 605B8EDA26D6351400EDC8F3 /* Assets.xcassets */; };
		605B8EDE26D6351400EDC8F3 /* LaunchScreen.storyboard in Resources */ = {isa = PBXBuildFile; fileRef = 605B8EDC26D6351400EDC8F3 /* LaunchScreen.storyboard */; };
		60C4F73B26E2619000B98D27 /* MainViewController.swift in Sources */ = {isa = PBXBuildFile; fileRef = 60C4F73A26E2619000B98D27 /* MainViewController.swift */; };
/* End PBXBuildFile section */

/* Begin PBXFileReference section */
		605B8ECE26D6351300EDC8F3 /* VVV.app */ = {isa = PBXFileReference; explicitFileType = wrapper.application; includeInIndex = 0; path = VVV.app; sourceTree = BUILT_PRODUCTS_DIR; };
		605B8ED126D6351300EDC8F3 /* AppDelegate.swift */ = {isa = PBXFileReference; lastKnownFileType = sourcecode.swift; path = AppDelegate.swift; sourceTree = "<group>"; };
		605B8ED326D6351300EDC8F3 /* SceneDelegate.swift */ = {isa = PBXFileReference; lastKnownFileType = sourcecode.swift; path = SceneDelegate.swift; sourceTree = "<group>"; };
		605B8ED526D6351300EDC8F3 /* ViewController.swift */ = {isa = PBXFileReference; lastKnownFileType = sourcecode.swift; path = ViewController.swift; sourceTree = "<group>"; };
		605B8ED826D6351300EDC8F3 /* Base */ = {isa = PBXFileReference; lastKnownFileType = file.storyboard; name = Base; path = Base.lproj/Main.storyboard; sourceTree = "<group>"; };
		605B8EDA26D6351400EDC8F3 /* Assets.xcassets */ = {isa = PBXFileReference; lastKnownFileType = folder.assetcatalog; path = Assets.xcassets; sourceTree = "<group>"; };
		605B8EDD26D6351400EDC8F3 /* Base */ = {isa = PBXFileReference; lastKnownFileType = file.storyboard; name = Base; path = Base.lproj/LaunchScreen.storyboard; sourceTree = "<group>"; };
		605B8EDF26D6351400EDC8F3 /* Info.plist */ = {isa = PBXFileReference; lastKnownFileType = text.plist.xml; path = Info.plist; sourceTree = "<group>"; };
		60C4F73A26E2619000B98D27 /* MainViewController.swift */ = {isa = PBXFileReference; lastKnownFileType = sourcecode.swift; path = MainViewController.swift; sourceTree = "<group>"; };
		6C1196499241EC387D9932AA /* Pods-VVV.release.xcconfig */ = {isa = PBXFileReference; includeInIndex = 1; lastKnownFileType = text.xcconfig; name = "Pods-VVV.release.xcconfig"; path = "Target Support Files/Pods-VVV/Pods-VVV.release.xcconfig"; sourceTree = "<group>"; };
		90FB8D65615F0D75ADD47D40 /* Pods_VVV.framework */ = {isa = PBXFileReference; explicitFileType = wrapper.framework; includeInIndex = 0; path = Pods_VVV.framework; sourceTree = BUILT_PRODUCTS_DIR; };
		E0783D3282E86DF676E7F049 /* Pods-VVV.debug.xcconfig */ = {isa = PBXFileReference; includeInIndex = 1; lastKnownFileType = text.xcconfig; name = "Pods-VVV.debug.xcconfig"; path = "Target Support Files/Pods-VVV/Pods-VVV.debug.xcconfig"; sourceTree = "<group>"; };
/* End PBXFileReference section */

/* Begin PBXFrameworksBuildPhase section */
		605B8ECB26D6351300EDC8F3 /* Frameworks */ = {
			isa = PBXFrameworksBuildPhase;
			buildActionMask = 2147483647;
			files = (
				3300DC876DBD859B7066F3FF /* Pods_VVV.framework in Frameworks */,
			);
			runOnlyForDeploymentPostprocessing = 0;
		};
/* End PBXFrameworksBuildPhase section */

/* Begin PBXGroup section */
		605B8EC526D6351300EDC8F3 = {
			isa = PBXGroup;
			children = (
				605B8ED026D6351300EDC8F3 /* VVV */,
				605B8ECF26D6351300EDC8F3 /* Products */,
				95CDE4289C845D556BEB65CF /* Pods */,
				D357DA544F309BFB9A26C199 /* Frameworks */,
			);
			sourceTree = "<group>";
		};
		605B8ECF26D6351300EDC8F3 /* Products */ = {
			isa = PBXGroup;
			children = (
				605B8ECE26D6351300EDC8F3 /* VVV.app */,
			);
			name = Products;
			sourceTree = "<group>";
		};
		605B8ED026D6351300EDC8F3 /* VVV */ = {
			isa = PBXGroup;
			children = (
				605B8ED126D6351300EDC8F3 /* AppDelegate.swift */,
				605B8ED326D6351300EDC8F3 /* SceneDelegate.swift */,
				60C4F73A26E2619000B98D27 /* MainViewController.swift */,
				605B8ED526D6351300EDC8F3 /* ViewController.swift */,
				605B8ED726D6351300EDC8F3 /* Main.storyboard */,
				605B8EDA26D6351400EDC8F3 /* Assets.xcassets */,
				605B8EDC26D6351400EDC8F3 /* LaunchScreen.storyboard */,
				605B8EDF26D6351400EDC8F3 /* Info.plist */,
			);
			path = VVV;
			sourceTree = "<group>";
		};
		95CDE4289C845D556BEB65CF /* Pods */ = {
			isa = PBXGroup;
			children = (
				E0783D3282E86DF676E7F049 /* Pods-VVV.debug.xcconfig */,
				6C1196499241EC387D9932AA /* Pods-VVV.release.xcconfig */,
			);
			path = Pods;
			sourceTree = "<group>";
		};
		D357DA544F309BFB9A26C199 /* Frameworks */ = {
			isa = PBXGroup;
			children = (
				90FB8D65615F0D75ADD47D40 /* Pods_VVV.framework */,
			);
			name = Frameworks;
			sourceTree = "<group>";
		};
/* End PBXGroup section */

/* Begin PBXNativeTarget section */
		605B8ECD26D6351300EDC8F3 /* VVV */ = {
			isa = PBXNativeTarget;
			buildConfigurationList = 605B8EE226D6351400EDC8F3 /* Build configuration list for PBXNativeTarget "VVV" */;
			buildPhases = (
				C12F043F33CA73C6B2C8600B /* [CP] Check Pods Manifest.lock */,
				605B8ECA26D6351300EDC8F3 /* Sources */,
				605B8ECB26D6351300EDC8F3 /* Frameworks */,
				605B8ECC26D6351300EDC8F3 /* Resources */,
				7BF5C17F7E28483D7EBC16E4 /* [CP] Embed Pods Frameworks */,
			);
			buildRules = (
			);
			dependencies = (
			);
			name = VVV;
			productName = VVV;
			productReference = 605B8ECE26D6351300EDC8F3 /* VVV.app */;
			productType = "com.apple.product-type.application";
		};
/* End PBXNativeTarget section */

/* Begin PBXProject section */
		605B8EC626D6351300EDC8F3 /* Project object */ = {
			isa = PBXProject;
			attributes = {
				LastSwiftUpdateCheck = 1250;
				LastUpgradeCheck = 1250;
				TargetAttributes = {
					605B8ECD26D6351300EDC8F3 = {
						CreatedOnToolsVersion = 12.5;
					};
				};
			};
			buildConfigurationList = 605B8EC926D6351300EDC8F3 /* Build configuration list for PBXProject "VVV" */;
			compatibilityVersion = "Xcode 9.3";
			developmentRegion = en;
			hasScannedForEncodings = 0;
			knownRegions = (
				en,
				Base,
			);
			mainGroup = 605B8EC526D6351300EDC8F3;
			productRefGroup = 605B8ECF26D6351300EDC8F3 /* Products */;
			projectDirPath = "";
			projectRoot = "";
			targets = (
				605B8ECD26D6351300EDC8F3 /* VVV */,
			);
		};
/* End PBXProject section */

/* Begin PBXResourcesBuildPhase section */
		605B8ECC26D6351300EDC8F3 /* Resources */ = {
			isa = PBXResourcesBuildPhase;
			buildActionMask = 2147483647;
			files = (
				605B8EDE26D6351400EDC8F3 /* LaunchScreen.storyboard in Resources */,
				605B8EDB26D6351400EDC8F3 /* Assets.xcassets in Resources */,
				605B8ED926D6351300EDC8F3 /* Main.storyboard in Resources */,
			);
			runOnlyForDeploymentPostprocessing = 0;
		};
/* End PBXResourcesBuildPhase section */

/* Begin PBXShellScriptBuildPhase section */
		7BF5C17F7E28483D7EBC16E4 /* [CP] Embed Pods Frameworks */ = {
			isa = PBXShellScriptBuildPhase;
			buildActionMask = 2147483647;
			files = (
			);
			inputFileListPaths = (
				"${PODS_ROOT}/Target Support Files/Pods-VVV/Pods-VVV-frameworks-${CONFIGURATION}-input-files.xcfilelist",
			);
			name = "[CP] Embed Pods Frameworks";
			outputFileListPaths = (
				"${PODS_ROOT}/Target Support Files/Pods-VVV/Pods-VVV-frameworks-${CONFIGURATION}-output-files.xcfilelist",
			);
			runOnlyForDeploymentPostprocessing = 0;
			shellPath = /bin/sh;
			shellScript = "\"${PODS_ROOT}/Target Support Files/Pods-VVV/Pods-VVV-frameworks.sh\"\n";
			showEnvVarsInLog = 0;
		};
		C12F043F33CA73C6B2C8600B /* [CP] Check Pods Manifest.lock */ = {
			isa = PBXShellScriptBuildPhase;
			buildActionMask = 2147483647;
			files = (
			);
			inputFileListPaths = (
			);
			inputPaths = (
				"${PODS_PODFILE_DIR_PATH}/Podfile.lock",
				"${PODS_ROOT}/Manifest.lock",
			);
			name = "[CP] Check Pods Manifest.lock";
			outputFileListPaths = (
			);
			outputPaths = (
				"$(DERIVED_FILE_DIR)/Pods-VVV-checkManifestLockResult.txt",
			);
			runOnlyForDeploymentPostprocessing = 0;
			shellPath = /bin/sh;
			shellScript = "diff \"${PODS_PODFILE_DIR_PATH}/Podfile.lock\" \"${PODS_ROOT}/Manifest.lock\" > /dev/null\nif [ $? != 0 ] ; then\n    # print error to STDERR\n    echo \"error: The sandbox is not in sync with the Podfile.lock. Run 'pod install' or update your CocoaPods installation.\" >&2\n    exit 1\nfi\n# This output is used by Xcode 'outputs' to avoid re-running this script phase.\necho \"SUCCESS\" > \"${SCRIPT_OUTPUT_FILE_0}\"\n";
			showEnvVarsInLog = 0;
		};
/* End PBXShellScriptBuildPhase section */

/* Begin PBXSourcesBuildPhase section */
		605B8ECA26D6351300EDC8F3 /* Sources */ = {
			isa = PBXSourcesBuildPhase;
			buildActionMask = 2147483647;
			files = (
				605B8ED626D6351300EDC8F3 /* ViewController.swift in Sources */,
				605B8ED226D6351300EDC8F3 /* AppDelegate.swift in Sources */,
				605B8ED426D6351300EDC8F3 /* SceneDelegate.swift in Sources */,
				60C4F73B26E2619000B98D27 /* MainViewController.swift in Sources */,
			);
			runOnlyForDeploymentPostprocessing = 0;
		};
/* End PBXSourcesBuildPhase section */

/* Begin PBXVariantGroup section */
		605B8ED726D6351300EDC8F3 /* Main.storyboard */ = {
			isa = PBXVariantGroup;
			children = (
				605B8ED826D6351300EDC8F3 /* Base */,
			);
			name = Main.storyboard;
			sourceTree = "<group>";
		};
		605B8EDC26D6351400EDC8F3 /* LaunchScreen.storyboard */ = {
			isa = PBXVariantGroup;
			children = (
				605B8EDD26D6351400EDC8F3 /* Base */,
			);
			name = LaunchScreen.storyboard;
			sourceTree = "<group>";
		};
/* End PBXVariantGroup section */

/* Begin XCBuildConfiguration section */
		605B8EE026D6351400EDC8F3 /* Debug */ = {
			isa = XCBuildConfiguration;
			buildSettings = {
				ALWAYS_SEARCH_USER_PATHS = NO;
				CLANG_ANALYZER_NONNULL = YES;
				CLANG_ANALYZER_NUMBER_OBJECT_CONVERSION = YES_AGGRESSIVE;
				CLANG_CXX_LANGUAGE_STANDARD = "gnu++14";
				CLANG_CXX_LIBRARY = "libc++";
				CLANG_ENABLE_MODULES = YES;
				CLANG_ENABLE_OBJC_ARC = YES;
				CLANG_ENABLE_OBJC_WEAK = YES;
				CLANG_WARN_BLOCK_CAPTURE_AUTORELEASING = YES;
				CLANG_WARN_BOOL_CONVERSION = YES;
				CLANG_WARN_COMMA = YES;
				CLANG_WARN_CONSTANT_CONVERSION = YES;
				CLANG_WARN_DEPRECATED_OBJC_IMPLEMENTATIONS = YES;
				CLANG_WARN_DIRECT_OBJC_ISA_USAGE = YES_ERROR;
				CLANG_WARN_DOCUMENTATION_COMMENTS = YES;
				CLANG_WARN_EMPTY_BODY = YES;
				CLANG_WARN_ENUM_CONVERSION = YES;
				CLANG_WARN_INFINITE_RECURSION = YES;
				CLANG_WARN_INT_CONVERSION = YES;
				CLANG_WARN_NON_LITERAL_NULL_CONVERSION = YES;
				CLANG_WARN_OBJC_IMPLICIT_RETAIN_SELF = YES;
				CLANG_WARN_OBJC_LITERAL_CONVERSION = YES;
				CLANG_WARN_OBJC_ROOT_CLASS = YES_ERROR;
				CLANG_WARN_QUOTED_INCLUDE_IN_FRAMEWORK_HEADER = YES;
				CLANG_WARN_RANGE_LOOP_ANALYSIS = YES;
				CLANG_WARN_STRICT_PROTOTYPES = YES;
				CLANG_WARN_SUSPICIOUS_MOVE = YES;
				CLANG_WARN_UNGUARDED_AVAILABILITY = YES_AGGRESSIVE;
				CLANG_WARN_UNREACHABLE_CODE = YES;
				CLANG_WARN__DUPLICATE_METHOD_MATCH = YES;
				COPY_PHASE_STRIP = NO;
				DEBUG_INFORMATION_FORMAT = dwarf;
				ENABLE_STRICT_OBJC_MSGSEND = YES;
				ENABLE_TESTABILITY = YES;
				GCC_C_LANGUAGE_STANDARD = gnu11;
				GCC_DYNAMIC_NO_PIC = NO;
				GCC_NO_COMMON_BLOCKS = YES;
				GCC_OPTIMIZATION_LEVEL = 0;
				GCC_PREPROCESSOR_DEFINITIONS = (
					"DEBUG=1",
					"$(inherited)",
				);
				GCC_WARN_64_TO_32_BIT_CONVERSION = YES;
				GCC_WARN_ABOUT_RETURN_TYPE = YES_ERROR;
				GCC_WARN_UNDECLARED_SELECTOR = YES;
				GCC_WARN_UNINITIALIZED_AUTOS = YES_AGGRESSIVE;
				GCC_WARN_UNUSED_FUNCTION = YES;
				GCC_WARN_UNUSED_VARIABLE = YES;
				IPHONEOS_DEPLOYMENT_TARGET = 14.5;
				MTL_ENABLE_DEBUG_INFO = INCLUDE_SOURCE;
				MTL_FAST_MATH = YES;
				ONLY_ACTIVE_ARCH = YES;
				SDKROOT = iphoneos;
				SWIFT_ACTIVE_COMPILATION_CONDITIONS = DEBUG;
				SWIFT_OPTIMIZATION_LEVEL = "-Onone";
			};
			name = Debug;
		};
		605B8EE126D6351400EDC8F3 /* Release */ = {
			isa = XCBuildConfiguration;
			buildSettings = {
				ALWAYS_SEARCH_USER_PATHS = NO;
				CLANG_ANALYZER_NONNULL = YES;
				CLANG_ANALYZER_NUMBER_OBJECT_CONVERSION = YES_AGGRESSIVE;
				CLANG_CXX_LANGUAGE_STANDARD = "gnu++14";
				CLANG_CXX_LIBRARY = "libc++";
				CLANG_ENABLE_MODULES = YES;
				CLANG_ENABLE_OBJC_ARC = YES;
				CLANG_ENABLE_OBJC_WEAK = YES;
				CLANG_WARN_BLOCK_CAPTURE_AUTORELEASING = YES;
				CLANG_WARN_BOOL_CONVERSION = YES;
				CLANG_WARN_COMMA = YES;
				CLANG_WARN_CONSTANT_CONVERSION = YES;
				CLANG_WARN_DEPRECATED_OBJC_IMPLEMENTATIONS = YES;
				CLANG_WARN_DIRECT_OBJC_ISA_USAGE = YES_ERROR;
				CLANG_WARN_DOCUMENTATION_COMMENTS = YES;
				CLANG_WARN_EMPTY_BODY = YES;
				CLANG_WARN_ENUM_CONVERSION = YES;
				CLANG_WARN_INFINITE_RECURSION = YES;
				CLANG_WARN_INT_CONVERSION = YES;
				CLANG_WARN_NON_LITERAL_NULL_CONVERSION = YES;
				CLANG_WARN_OBJC_IMPLICIT_RETAIN_SELF = YES;
				CLANG_WARN_OBJC_LITERAL_CONVERSION = YES;
				CLANG_WARN_OBJC_ROOT_CLASS = YES_ERROR;
				CLANG_WARN_QUOTED_INCLUDE_IN_FRAMEWORK_HEADER = YES;
				CLANG_WARN_RANGE_LOOP_ANALYSIS = YES;
				CLANG_WARN_STRICT_PROTOTYPES = YES;
				CLANG_WARN_SUSPICIOUS_MOVE = YES;
				CLANG_WARN_UNGUARDED_AVAILABILITY = YES_AGGRESSIVE;
				CLANG_WARN_UNREACHABLE_CODE = YES;
				CLANG_WARN__DUPLICATE_METHOD_MATCH = YES;
				COPY_PHASE_STRIP = NO;
				DEBUG_INFORMATION_FORMAT = "dwarf-with-dsym";
				ENABLE_NS_ASSERTIONS = NO;
				ENABLE_STRICT_OBJC_MSGSEND = YES;
				GCC_C_LANGUAGE_STANDARD = gnu11;
				GCC_NO_COMMON_BLOCKS = YES;
				GCC_WARN_64_TO_32_BIT_CONVERSION = YES;
				GCC_WARN_ABOUT_RETURN_TYPE = YES_ERROR;
				GCC_WARN_UNDECLARED_SELECTOR = YES;
				GCC_WARN_UNINITIALIZED_AUTOS = YES_AGGRESSIVE;
				GCC_WARN_UNUSED_FUNCTION = YES;
				GCC_WARN_UNUSED_VARIABLE = YES;
				IPHONEOS_DEPLOYMENT_TARGET = 14.5;
				MTL_ENABLE_DEBUG_INFO = NO;
				MTL_FAST_MATH = YES;
				SDKROOT = iphoneos;
				SWIFT_COMPILATION_MODE = wholemodule;
				SWIFT_OPTIMIZATION_LEVEL = "-O";
				VALIDATE_PRODUCT = YES;
			};
			name = Release;
		};
		605B8EE326D6351400EDC8F3 /* Debug */ = {
			isa = XCBuildConfiguration;
			baseConfigurationReference = E0783D3282E86DF676E7F049 /* Pods-VVV.debug.xcconfig */;
			buildSettings = {
				ASSETCATALOG_COMPILER_APPICON_NAME = AppIcon;
				ASSETCATALOG_COMPILER_GLOBAL_ACCENT_COLOR_NAME = AccentColor;
				CODE_SIGN_STYLE = Automatic;
				DEVELOPMENT_TEAM = 36KPR4NWN7;
				INFOPLIST_FILE = VVV/Info.plist;
				LD_RUNPATH_SEARCH_PATHS = (
					"$(inherited)",
					"@executable_path/Frameworks",
				);
				PRODUCT_BUNDLE_IDENTIFIER = com.shaykulov.VVV;
				PRODUCT_NAME = "$(TARGET_NAME)";
				SWIFT_VERSION = 5.0;
				TARGETED_DEVICE_FAMILY = "1,2";
			};
			name = Debug;
		};
		605B8EE426D6351400EDC8F3 /* Release */ = {
			isa = XCBuildConfiguration;
			baseConfigurationReference = 6C1196499241EC387D9932AA /* Pods-VVV.release.xcconfig */;
			buildSettings = {
				ASSETCATALOG_COMPILER_APPICON_NAME = AppIcon;
				ASSETCATALOG_COMPILER_GLOBAL_ACCENT_COLOR_NAME = AccentColor;
				CODE_SIGN_STYLE = Automatic;
				DEVELOPMENT_TEAM = 36KPR4NWN7;
				INFOPLIST_FILE = VVV/Info.plist;
				LD_RUNPATH_SEARCH_PATHS = (
					"$(inherited)",
					"@executable_path/Frameworks",
				);
				PRODUCT_BUNDLE_IDENTIFIER = com.shaykulov.VVV;
				PRODUCT_NAME = "$(TARGET_NAME)";
				SWIFT_VERSION = 5.0;
				TARGETED_DEVICE_FAMILY = "1,2";
			};
			name = Release;
		};
/* End XCBuildConfiguration section */

/* Begin XCConfigurationList section */
		605B8EC926D6351300EDC8F3 /* Build configuration list for PBXProject "VVV" */ = {
			isa = XCConfigurationList;
			buildConfigurations = (
				605B8EE026D6351400EDC8F3 /* Debug */,
				605B8EE126D6351400EDC8F3 /* Release */,
			);
			defaultConfigurationIsVisible = 0;
			defaultConfigurationName = Release;
		};
		605B8EE226D6351400EDC8F3 /* Build configuration list for PBXNativeTarget "VVV" */ = {
			isa = XCConfigurationList;
			buildConfigurations = (
				605B8EE326D6351400EDC8F3 /* Debug */,
				605B8EE426D6351400EDC8F3 /* Release */,
			);
			defaultConfigurationIsVisible = 0;
			defaultConfigurationName = Release;
		};
/* End XCConfigurationList section */
	};
	rootObject = 605B8EC626D6351300EDC8F3 /* Project object */;
}
